
Microsoft Visual Studio Solution File, Format Version 12.00
# Visual Studio Version 17
VisualStudioVersion = 17.7.34031.279
MinimumVisualStudioVersion = 10.0.40219.1
Project("{8BC9CEB8-8B4A-11D0-8D11-00A0C91BC942}") = "PR13.2.2", "PR13.2.2\PR13.2.2.vcxproj", "{0248536C-42A3-4095-990E-2FAA79EA1BA3}"
EndProject
Project("{8BC9CEB8-8B4A-11D0-8D11-00A0C91BC942}") = "UnitTest13.2.2", "UnitTest13.2.2\UnitTest13.2.2.vcxproj", "{AE2AD79E-C873-4793-A9C3-AAC8BE064DEB}"
EndProject
Global
	GlobalSection(SolutionConfigurationPlatforms) = preSolution
		Debug|x64 = Debug|x64
		Debug|x86 = Debug|x86
		Release|x64 = Release|x64
		Release|x86 = Release|x86
	EndGlobalSection
	GlobalSection(ProjectConfigurationPlatforms) = postSolution
		{0248536C-42A3-4095-990E-2FAA79EA1BA3}.Debug|x64.ActiveCfg = Debug|x64
		{0248536C-42A3-4095-990E-2FAA79EA1BA3}.Debug|x64.Build.0 = Debug|x64
		{0248536C-42A3-4095-990E-2FAA79EA1BA3}.Debug|x86.ActiveCfg = Debug|Win32
		{0248536C-42A3-4095-990E-2FAA79EA1BA3}.Debug|x86.Build.0 = Debug|Win32
		{0248536C-42A3-4095-990E-2FAA79EA1BA3}.Release|x64.ActiveCfg = Release|x64
		{0248536C-42A3-4095-990E-2FAA79EA1BA3}.Release|x64.Build.0 = Release|x64
		{0248536C-42A3-4095-990E-2FAA79EA1BA3}.Release|x86.ActiveCfg = Release|Win32
		{0248536C-42A3-4095-990E-2FAA79EA1BA3}.Release|x86.Build.0 = Release|Win32
		{AE2AD79E-C873-4793-A9C3-AAC8BE064DEB}.Debug|x64.ActiveCfg = Debug|x64
		{AE2AD79E-C873-4793-A9C3-AAC8BE064DEB}.Debug|x64.Build.0 = Debug|x64
		{AE2AD79E-C873-4793-A9C3-AAC8BE064DEB}.Debug|x86.ActiveCfg = Debug|Win32
		{AE2AD79E-C873-4793-A9C3-AAC8BE064DEB}.Debug|x86.Build.0 = Debug|Win32
		{AE2AD79E-C873-4793-A9C3-AAC8BE064DEB}.Release|x64.ActiveCfg = Release|x64
		{AE2AD79E-C873-4793-A9C3-AAC8BE064DEB}.Release|x64.Build.0 = Release|x64
		{AE2AD79E-C873-4793-A9C3-AAC8BE064DEB}.Release|x86.ActiveCfg = Release|Win32
		{AE2AD79E-C873-4793-A9C3-AAC8BE064DEB}.Release|x86.Build.0 = Release|Win32
	EndGlobalSection
	GlobalSection(SolutionProperties) = preSolution
		HideSolutionNode = FALSE
	EndGlobalSection
	GlobalSection(ExtensibilityGlobals) = postSolution
		SolutionGuid = {2CCEB257-1278-456B-9AFB-A51B373E4C8B}
	EndGlobalSection
EndGlobal
